
Microsoft Visual Studio Solution File, Format Version 12.00
# Visual Studio Version 16
VisualStudioVersion = 16.0.33529.622
MinimumVisualStudioVersion = 10.0.40219.1
Project("{9A19103F-16F7-4668-BE54-9A1E7A4F7556}") = "Parametros", "ConsoleApp1\Parametros.csproj", "{F5EE84DC-A2D9-498C-82DD-50AAF9F40C15}"
EndProject
Project("{FAE04EC0-301F-11D3-BF4B-00C04F79EFBC}") = "Front", "WindowsFormsApp1\Front.csproj", "{68FF4CA6-F33E-49F5-824D-B9048ED761D6}"
EndProject
Global
	GlobalSection(SolutionConfigurationPlatforms) = preSolution
		Debug|Any CPU = Debug|Any CPU
		Release|Any CPU = Release|Any CPU
	EndGlobalSection
	GlobalSection(ProjectConfigurationPlatforms) = postSolution
		{F5EE84DC-A2D9-498C-82DD-50AAF9F40C15}.Debug|Any CPU.ActiveCfg = Debug|Any CPU
		{F5EE84DC-A2D9-498C-82DD-50AAF9F40C15}.Debug|Any CPU.Build.0 = Debug|Any CPU
		{F5EE84DC-A2D9-498C-82DD-50AAF9F40C15}.Release|Any CPU.ActiveCfg = Release|Any CPU
		{F5EE84DC-A2D9-498C-82DD-50AAF9F40C15}.Release|Any CPU.Build.0 = Release|Any CPU
		{68FF4CA6-F33E-49F5-824D-B9048ED761D6}.Debug|Any CPU.ActiveCfg = Debug|Any CPU
		{68FF4CA6-F33E-49F5-824D-B9048ED761D6}.Debug|Any CPU.Build.0 = Debug|Any CPU
		{68FF4CA6-F33E-49F5-824D-B9048ED761D6}.Release|Any CPU.ActiveCfg = Release|Any CPU
		{68FF4CA6-F33E-49F5-824D-B9048ED761D6}.Release|Any CPU.Build.0 = Release|Any CPU
	EndGlobalSection
	GlobalSection(SolutionProperties) = preSolution
		HideSolutionNode = FALSE
	EndGlobalSection
	GlobalSection(ExtensibilityGlobals) = postSolution
		SolutionGuid = {7A6CC135-B87D-4F2C-B327-E2CE3BAD0227}
	EndGlobalSection
EndGlobal
